version = 1
revision = 2
requires-python = "==3.10.*"

[[package]]
name = "annotated-doc"
version = "0.0.4"
source = { registry = "https://pypi.org/simple" }
sdist = { url = "https://files.pythonhosted.org/packages/57/ba/046ceea27344560984e26a590f90bc7f4a75b06701f653222458922b558c/annotated_doc-0.0.4.tar.gz", hash = "sha256:fbcda96e87e9c92ad167c2e53839e57503ecfda18804ea28102353485033faa4", size = 7288, upload-time = "2025-11-10T22:07:42.062Z" }
wheels = [
    { url = "https://files.pythonhosted.org/packages/1e/d3/26bf1008eb3d2daa8ef4cacc7f3bfdc11818d111f7e2d0201bc6e3b49d45/annotated_doc-0.0.4-py3-none-any.whl", hash = "sha256:571ac1dc6991c450b25a9c2d84a3705e2ae7a53467b5d111c24fa8baabbed320", size = 5303, upload-time = "2025-11-10T22:07:40.673Z" },
]

[[package]]
name = "annotated-types"
version = "0.7.0"
source = { registry = "https://pypi.org/simple" }
sdist = { url = "https://files.pythonhosted.org/packages/ee/67/531ea369ba64dcff5ec9c3402f9f51bf748cec26dde048a2f973a4eea7f5/annotated_types-0.7.0.tar.gz", hash = "sha256:aff07c09a53a08bc8cfccb9c85b05f1aa9a2a6f23728d790723543408344ce89", size = 16081, upload-time = "2024-05-20T21:33:25.928Z" }
wheels = [
    { url = "https://files.pythonhosted.org/packages/78/b6/6307fbef88d9b5ee7421e68d78a9f162e0da4900bc5f5793f6d3d0e34fb8/annotated_types-0.7.0-py3-none-any.whl", hash = "sha256:1f02e8b43a8fbbc3f3e0d4f0f4bfc8131bcb4eebe8849b8e5c773f3a1c582a53", size = 13643, upload-time = "2024-05-20T21:33:24.1Z" },
]

[[package]]
name = "anyio"
version = "4.13.0"
source = { registry = "https://pypi.org/simple" }
dependencies = [
    { name = "exceptiongroup" },
    { name = "idna" },
    { name = "typing-extensions" },
]
sdist = { url = "https://files.pythonhosted.org/packages/19/14/2c5dd9f512b66549ae92767a9c7b330ae88e1932ca57876909410251fe13/anyio-4.13.0.tar.gz", hash = "sha256:334b70e641fd2221c1505b3890c69882fe4a2df910cba14d97019b90b24439dc", size = 231622, upload-time = "2026-03-24T12:59:09.671Z" }
wheels = [
    { url = "https://files.pythonhosted.org/packages/da/42/e921fccf5015463e32a3cf6ee7f980a6ed0f395ceeaa45060b61d86486c2/anyio-4.13.0-py3-none-any.whl", hash = "sha256:08b310f9e24a9594186fd75b4f73f4a4152069e3853f1ed8bfbf58369f4ad708", size = 114353, upload-time = "2026-03-24T12:59:08.246Z" },
]

[[package]]
name = "click"
version = "8.3.2"
source = { registry = "https://pypi.org/simple" }
dependencies = [
    { name = "colorama", marker = "sys_platform == 'win32'" },
]
sdist = { url = "https://files.pythonhosted.org/packages/57/75/31212c6bf2503fdf920d87fee5d7a86a2e3bcf444984126f13d8e4016804/click-8.3.2.tar.gz", hash = "sha256:14162b8b3b3550a7d479eafa77dfd3c38d9dc8951f6f69c78913a8f9a7540fd5", size = 302856, upload-time = "2026-04-03T19:14:45.118Z" }
wheels = [
    { url = "https://files.pythonhosted.org/packages/e4/20/71885d8b97d4f3dde17b1fdb92dbd4908b00541c5a3379787137285f602e/click-8.3.2-py3-none-any.whl", hash = "sha256:1924d2c27c5653561cd2cae4548d1406039cb79b858b747cfea24924bbc1616d", size = 108379, upload-time = "2026-04-03T19:14:43.505Z" },
]

[[package]]
name = "colorama"
version = "0.4.6"
source = { registry = "https://pypi.org/simple" }
sdist = { url = "https://files.pythonhosted.org/packages/d8/53/6f443c9a4a8358a93a6792e2acffb9d9d5cb0a5cfd8802644b7b1c9a02e4/colorama-0.4.6.tar.gz", hash = "sha256:08695f5cb7ed6e0531a20572697297273c47b8cae5a63ffc6d6ed5c201be6e44", size = 27697, upload-time = "2022-10-25T02:36:22.414Z" }
wheels = [
    { url = "https://files.pythonhosted.org/packages/d1/d6/3965ed04c63042e047cb6a3e6ed1a63a35087b6a609aa3a15ed8ac56c221/colorama-0.4.6-py2.py3-none-any.whl", hash = "sha256:4f1d9991f5acc0ca119f9d443620b77f9d6b33703e51011c16baf57afb285fc6", size = 25335, upload-time = "2022-10-25T02:36:20.889Z" },
]

[[package]]
name = "exceptiongroup"
version = "1.3.1"
source = { registry = "https://pypi.org/simple" }
dependencies = [
    { name = "typing-extensions" },
]
sdist = { url = "https://files.pythonhosted.org/packages/50/79/66800aadf48771f6b62f7eb014e352e5d06856655206165d775e675a02c9/exceptiongroup-1.3.1.tar.gz", hash = "sha256:8b412432c6055b0b7d14c310000ae93352ed6754f70fa8f7c34141f91c4e3219", size = 30371, upload-time = "2025-11-21T23:01:54.787Z" }
wheels = [
    { url = "https://files.pythonhosted.org/packages/8a/0e/97c33bf5009bdbac74fd2beace167cab3f978feb69cc36f1ef79360d6c4e/exceptiongroup-1.3.1-py3-none-any.whl", hash = "sha256:a7a39a3bd276781e98394987d3a5701d0c4edffb633bb7a5144577f82c773598", size = 16740, upload-time = "2025-11-21T23:01:53.443Z" },
]

[[package]]
name = "fastapi"
version = "0.136.0"
source = { registry = "https://pypi.org/simple" }
dependencies = [
    { name = "annotated-doc" },
    { name = "pydantic" },
    { name = "starlette" },
    { name = "typing-extensions" },
    { name = "typing-inspection" },
]
sdist = { url = "https://files.pythonhosted.org/packages/4e/d9/e66315807e41e69e7f6a1b42a162dada2f249c5f06ad3f1a95f84ab336ef/fastapi-0.136.0.tar.gz", hash = "sha256:cf08e067cc66e106e102d9ba659463abfac245200752f8a5b7b1e813de4ff73e", size = 396607, upload-time = "2026-04-16T11:47:13.623Z" }
wheels = [
    { url = "https://files.pythonhosted.org/packages/26/a3/0bd5f0cdb0bbc92650e8dc457e9250358411ee5d1b65e42b6632387daf81/fastapi-0.136.0-py3-none-any.whl", hash = "sha256:8793d44ec7378e2be07f8a013cf7f7aa47d6327d0dfe9804862688ec4541a6b4", size = 117556, upload-time = "2026-04-16T11:47:11.922Z" },
]

[[package]]
name = "flight-board"
version = "0.1.0"
source = { virtual = "." }
dependencies = [
    { name = "fastapi" },
    { name = "pydantic" },
    { name = "uvicorn" },
]

[package.metadata]
requires-dist = [
    { name = "fastapi" },
    { name = "pydantic" },
    { name = "uvicorn" },
]

[[package]]
name = "h11"
version = "0.16.0"
source = { registry = "https://pypi.org/simple" }
sdist = { url = "https://files.pythonhosted.org/packages/01/ee/02a2c011bdab74c6fb3c75474d40b3052059d95df7e73351460c8588d963/h11-0.16.0.tar.gz", hash = "sha256:4e35b956cf45792e4caa5885e69fba00bdbc6ffafbfa020300e549b208ee5ff1", size = 101250, upload-time = "2025-04-24T03:35:25.427Z" }
wheels = [
    { url = "https://files.pythonhosted.org/packages/04/4b/29cac41a4d98d144bf5f6d33995617b185d14b22401f75ca86f384e87ff1/h11-0.16.0-py3-none-any.whl", hash = "sha256:63cf8bbe7522de3bf65932fda1d9c2772064ffb3dae62d55932da54b31cb6c86", size = 37515, upload-time = "2025-04-24T03:35:24.344Z" },
]

[[package]]
name = "idna"
version = "3.11"
source = { registry = "https://pypi.org/simple" }
sdist = { url = "https://files.pythonhosted.org/packages/6f/6d/0703ccc57f3a7233505399edb88de3cbd678da106337b9fcde432b65ed60/idna-3.11.tar.gz", hash = "sha256:795dafcc9c04ed0c1fb032c2aa73654d8e8c5023a7df64a53f39190ada629902", size = 194582, upload-time = "2025-10-12T14:55:20.501Z" }
wheels = [
    { url = "https://files.pythonhosted.org/packages/0e/61/66938bbb5fc52dbdf84594873d5b51fb1f7c7794e9c0f5bd885f30bc507b/idna-3.11-py3-none-any.whl", hash = "sha256:771a87f49d9defaf64091e6e6fe9c18d4833f140bd19464795bc32d966ca37ea", size = 71008, upload-time = "2025-10-12T14:55:18.883Z" },
]

[[package]]
name = "pydantic"
version = "2.13.1"
source = { registry = "https://pypi.org/simple" }
dependencies = [
    { name = "annotated-types" },
    { name = "pydantic-core" },
    { name = "typing-extensions" },
    { name = "typing-inspection" },
]
sdist = { url = "https://files.pythonhosted.org/packages/f3/6b/1353beb3d1cd5cf61cdec5b6f87a9872399de3bc5cae0b7ce07ff4de2ab0/pydantic-2.13.1.tar.gz", hash = "sha256:a0f829b279ddd1e39291133fe2539d2aa46cc6b150c1706a270ff0879e3774d2", size = 843746, upload-time = "2026-04-15T14:57:19.398Z" }
wheels = [
    { url = "https://files.pythonhosted.org/packages/81/5a/2225f4c176dbfed0d809e848b50ef08f70e61daa667b7fa14b0d311ae44d/pydantic-2.13.1-py3-none-any.whl", hash = "sha256:9557ecc2806faaf6037f85b1fbd963d01e30511c48085f0d573650fdeaad378a", size = 471917, upload-time = "2026-04-15T14:57:17.277Z" },
]

[[package]]
name = "pydantic-core"
version = "2.46.1"
source = { registry = "https://pypi.org/simple" }
dependencies = [
    { name = "typing-extensions" },
]
sdist = { url = "https://files.pythonhosted.org/packages/a1/93/f97a86a7eb28faa1d038af2fd5d6166418b4433659108a4c311b57128b2d/pydantic_core-2.46.1.tar.gz", hash = "sha256:d408153772d9f298098fb5d620f045bdf0f017af0d5cb6e309ef8c205540caa4", size = 471230, upload-time = "2026-04-15T14:49:34.52Z" }
wheels = [
    { url = "https://files.pythonhosted.org/packages/a2/a0/07f275411355b567b994e565bc5ea9dbf522978060c18e3b7edf646c0fc2/pydantic_core-2.46.1-cp310-cp310-macosx_10_12_x86_64.whl", hash = "sha256:84eb5414871fd0293c38d2075802f95030ff11a92cf2189942bf76fd181af77b", size = 2123782, upload-time = "2026-04-15T14:52:57.172Z" },
    { url = "https://files.pythonhosted.org/packages/ab/71/d027c7de46df5b9287ed6f0ef02346c84d61348326253a4f13695d54d66f/pydantic_core-2.46.1-cp310-cp310-macosx_11_0_arm64.whl", hash = "sha256:5c75fb25db086bf504c55730442e471c12bc9bfae817dd359b1a36bc93049d34", size = 1948561, upload-time = "2026-04-15T14:53:12.07Z" },
    { url = "https://files.pythonhosted.org/packages/77/74/cba894bea0d51a3b2dcada9eb3af9c4cfaa271bf21123372dc82ccef029f/pydantic_core-2.46.1-cp310-cp310-manylinux_2_17_aarch64.manylinux2014_aarch64.whl", hash = "sha256:29dc09f0221425453fd9f73fd70bba15817d25b95858282702d7305a08d37306", size = 1974387, upload-time = "2026-04-15T14:50:14.048Z" },
    { url = "https://files.pythonhosted.org/packages/3b/ad/cc122887d6f20ac5d997928b0bf3016ac9c7bae07dce089333aa0c2e868b/pydantic_core-2.46.1-cp310-cp310-manylinux_2_17_armv7l.manylinux2014_armv7l.whl", hash = "sha256:139fd6722abc5e6513aa0a27b06ebeb997838c5b179cf5e83862ace45f281c56", size = 2054868, upload-time = "2026-04-15T14:49:51.912Z" },
    { url = "https://files.pythonhosted.org/packages/9f/09/22049b22d65a67253cbdced88dbce0e97162f35cc433917df37df794ede8/pydantic_core-2.46.1-cp310-cp310-manylinux_2_17_ppc64le.manylinux2014_ppc64le.whl", hash = "sha256:ba723fd8ef6011af71f92ed54adb604e7699d172f4273e4b46f1cfb8ee8d72fd", size = 2228717, upload-time = "2026-04-15T14:49:27.384Z" },
    { url = "https://files.pythonhosted.org/packages/e6/98/b35a8a187cf977462668b5064c606e290c88c2561e053883d86193ab9c51/pydantic_core-2.46.1-cp310-cp310-manylinux_2_17_s390x.manylinux2014_s390x.whl", hash = "sha256:828410e082555e55da9bbb5e6c17617386fe1415c4d42765a90d372ed9cce813", size = 2298261, upload-time = "2026-04-15T14:52:20.463Z" },
    { url = "https://files.pythonhosted.org/packages/98/ae/46f8d693caefc09d8e2d3f19a6b4f2252cf6542f0b555759f2b5ec2b4ca5/pydantic_core-2.46.1-cp310-cp310-manylinux_2_17_x86_64.manylinux2014_x86_64.whl", hash = "sha256:fb5cd53264c9906c163a71b489e9ac71b0ae13a2dd0241e6129f4df38ba1c814", size = 2094496, upload-time = "2026-04-15T14:49:59.711Z" },
    { url = "https://files.pythonhosted.org/packages/ee/40/7e4013639d316d2cb67dae288c768d49cc4a7a4b16ef869e486880db1a1f/pydantic_core-2.46.1-cp310-cp310-manylinux_2_31_riscv64.whl", hash = "sha256:4530a6594883d9d4a9c7ef68464ef6b4a88d839e3531c089a3942c78bffe0a66", size = 2144795, upload-time = "2026-04-15T14:52:44.731Z" },
    { url = "https://files.pythonhosted.org/packages/0d/87/c00f6450059804faf30f568009c8c98e72e6802c1ccd8b562da57953ad81/pydantic_core-2.46.1-cp310-cp310-manylinux_2_5_i686.manylinux1_i686.whl", hash = "sha256:ed1c71f60abbf9c9a440dc8fc6b1180c45dcab3a5e311250de99744a0166bc95", size = 2173108, upload-time = "2026-04-15T14:51:37.806Z" },
    { url = "https://files.pythonhosted.org/packages/46/15/7a8fb06c109a07dbc1f5f272b2da1290c8a25f5900a579086e433049fc1a/pydantic_core-2.46.1-cp310-cp310-musllinux_1_1_aarch64.whl", hash = "sha256:254253491f1b8e3ba18c15fe924bb9b175f1a48413b74e8f0c67b8f51b6f726b", size = 2185687, upload-time = "2026-04-15T14:51:33.125Z" },
    { url = "https://files.pythonhosted.org/packages/d9/38/c52ead78febf23d32db898c7022173c674226cf3c8ee1645220ab9516931/pydantic_core-2.46.1-cp310-cp310-musllinux_1_1_armv7l.whl", hash = "sha256:dfcf6485ac38698a5b45f37467b8eb2f4f8e3edd5790e2579c5d52fdfffb2e3d", size = 2326273, upload-time = "2026-04-15T14:51:10.614Z" },
    { url = "https://files.pythonhosted.org/packages/1e/af/cb5ea2336e9938b3a0536ce4bfed4a342285caa8a6b8ff449a7bc2f179ec/pydantic_core-2.46.1-cp310-cp310-musllinux_1_1_x86_64.whl", hash = "sha256:592b39150ab5b5a2cb2eb885097ee4c2e4d54e3b902f6ae32528f7e6e42c00fc", size = 2368428, upload-time = "2026-04-15T14:49:25.804Z" },
    { url = "https://files.pythonhosted.org/packages/a2/99/adcfbcbd96556120e7d795aab4fd77f5104a49051929c3805a9d736ec48f/pydantic_core-2.46.1-cp310-cp310-win32.whl", hash = "sha256:eb37b1369ad39ec046a36dc81ffd76870766bda2073f57448bbcb1fd3e4c5ad0", size = 1993405, upload-time = "2026-04-15T14:50:51.082Z" },
    { url = "https://files.pythonhosted.org/packages/c4/ff/2767be513a250293f80748740ce73b0f0677711fc791b1afab3499734dd2/pydantic_core-2.46.1-cp310-cp310-win_amd64.whl", hash = "sha256:c330dab8254d422880177436a5892ac6d9337afff9fe383fb1f8c6caedb685e1", size = 2068177, upload-time = "2026-04-15T14:52:29.899Z" },
]

[[package]]
name = "starlette"
version = "1.0.0"
source = { registry = "https://pypi.org/simple" }
dependencies = [
    { name = "anyio" },
    { name = "typing-extensions" },
]
sdist = { url = "https://files.pythonhosted.org/packages/81/69/17425771797c36cded50b7fe44e850315d039f28b15901ab44839e70b593/starlette-1.0.0.tar.gz", hash = "sha256:6a4beaf1f81bb472fd19ea9b918b50dc3a77a6f2e190a12954b25e6ed5eea149", size = 2655289, upload-time = "2026-03-22T18:29:46.779Z" }
wheels = [
    { url = "https://files.pythonhosted.org/packages/0b/c9/584bc9651441b4ba60cc4d557d8a547b5aff901af35bda3a4ee30c819b82/starlette-1.0.0-py3-none-any.whl", hash = "sha256:d3ec55e0bb321692d275455ddfd3df75fff145d009685eb40dc91fc66b03d38b", size = 72651, upload-time = "2026-03-22T18:29:45.111Z" },
]

[[package]]
name = "typing-extensions"
version = "4.15.0"
source = { registry = "https://pypi.org/simple" }
sdist = { url = "https://files.pythonhosted.org/packages/72/94/1a15dd82efb362ac84269196e94cf00f187f7ed21c242792a923cdb1c61f/typing_extensions-4.15.0.tar.gz", hash = "sha256:0cea48d173cc12fa28ecabc3b837ea3cf6f38c6d1136f85cbaaf598984861466", size = 109391, upload-time = "2025-08-25T13:49:26.313Z" }
wheels = [
    { url = "https://files.pythonhosted.org/packages/18/67/36e9267722cc04a6b9f15c7f3441c2363321a3ea07da7ae0c0707beb2a9c/typing_extensions-4.15.0-py3-none-any.whl", hash = "sha256:f0fa19c6845758ab08074a0cfa8b7aecb71c999ca73d62883bc25cc018c4e548", size = 44614, upload-time = "2025-08-25T13:49:24.86Z" },
]

[[package]]
name = "typing-inspection"
version = "0.4.2"
source = { registry = "https://pypi.org/simple" }
dependencies = [
    { name = "typing-extensions" },
]
sdist = { url = "https://files.pythonhosted.org/packages/55/e3/70399cb7dd41c10ac53367ae42139cf4b1ca5f36bb3dc6c9d33acdb43655/typing_inspection-0.4.2.tar.gz", hash = "sha256:ba561c48a67c5958007083d386c3295464928b01faa735ab8547c5692e87f464", size = 75949, upload-time = "2025-10-01T02:14:41.687Z" }
wheels = [
    { url = "https://files.pythonhosted.org/packages/dc/9b/47798a6c91d8bdb567fe2698fe81e0c6b7cb7ef4d13da4114b41d239f65d/typing_inspection-0.4.2-py3-none-any.whl", hash = "sha256:4ed1cacbdc298c220f1bd249ed5287caa16f34d44ef4e9c3d0cbad5b521545e7", size = 14611, upload-time = "2025-10-01T02:14:40.154Z" },
]

[[package]]
name = "uvicorn"
version = "0.44.0"
source = { registry = "https://pypi.org/simple" }
dependencies = [
    { name = "click" },
    { name = "h11" },
    { name = "typing-extensions" },
]
sdist = { url = "https://files.pythonhosted.org/packages/5e/da/6eee1ff8b6cbeed47eeb5229749168e81eb4b7b999a1a15a7176e51410c9/uvicorn-0.44.0.tar.gz", hash = "sha256:6c942071b68f07e178264b9152f1f16dfac5da85880c4ce06366a96d70d4f31e", size = 86947, upload-time = "2026-04-06T09:23:22.826Z" }
wheels = [
    { url = "https://files.pythonhosted.org/packages/b7/23/a5bbd9600dd607411fa644c06ff4951bec3a4d82c4b852374024359c19c0/uvicorn-0.44.0-py3-none-any.whl", hash = "sha256:ce937c99a2cc70279556967274414c087888e8cec9f9c94644dfca11bd3ced89", size = 69425, upload-time = "2026-04-06T09:23:21.524Z" },
]
